// !$*UTF8*$!
{
	archiveVersion = 1;
	classes = {
	};
	objectVersion = 50;
	objects = {

/* Begin PBXBuildFile section */
		C9BB417B2301458700519490 /* AppDelegate.m in Sources */ = {isa = PBXBuildFile; fileRef = C9BB417A2301458700519490 /* AppDelegate.m */; };
		C9BB417E2301458700519490 /* ViewController.m in Sources */ = {isa = PBXBuildFile; fileRef = C9BB417D2301458700519490 /* ViewController.m */; };
		C9BB41812301458700519490 /* Main.storyboard in Resources */ = {isa = PBXBuildFile; fileRef = C9BB417F2301458700519490 /* Main.storyboard */; };
		C9BB41832301458900519490 /* Assets.xcassets in Resources */ = {isa = PBXBuildFile; fileRef = C9BB41822301458900519490 /* Assets.xcassets */; };
		C9BB41862301458900519490 /* LaunchScreen.storyboard in Resources */ = {isa = PBXBuildFile; fileRef = C9BB41842301458900519490 /* LaunchScreen.storyboard */; };
		C9BB41892301458900519490 /* main.m in Sources */ = {isa = PBXBuildFile; fileRef = C9BB41882301458900519490 /* main.m */; };
		C9BB41912301459900519490 /* BinaryTreeNode.m in Sources */ = {isa = PBXBuildFile; fileRef = C9BB41902301459900519490 /* BinaryTreeNode.m */; };
		C9BB41942301498500519490 /* TreeNodeProperty.m in Sources */ = {isa = PBXBuildFile; fileRef = C9BB41932301498500519490 /* TreeNodeProperty.m */; };
/* End PBXBuildFile section */

/* Begin PBXFileReference section */
		C9BB41762301458700519490 /* testBinaryTreeNode.app */ = {isa = PBXFileReference; explicitFileType = wrapper.application; includeInIndex = 0; path = testBinaryTreeNode.app; sourceTree = BUILT_PRODUCTS_DIR; };
		C9BB41792301458700519490 /* AppDelegate.h */ = {isa = PBXFileReference; lastKnownFileType = sourcecode.c.h; path = AppDelegate.h; sourceTree = "<group>"; };
		C9BB417A2301458700519490 /* AppDelegate.m */ = {isa = PBXFileReference; lastKnownFileType = sourcecode.c.objc; path = AppDelegate.m; sourceTree = "<group>"; };
		C9BB417C2301458700519490 /* ViewController.h */ = {isa = PBXFileReference; lastKnownFileType = sourcecode.c.h; path = ViewController.h; sourceTree = "<group>"; };
		C9BB417D2301458700519490 /* ViewController.m */ = {isa = PBXFileReference; lastKnownFileType = sourcecode.c.objc; path = ViewController.m; sourceTree = "<group>"; };
		C9BB41802301458700519490 /* Base */ = {isa = PBXFileReference; lastKnownFileType = file.storyboard; name = Base; path = Base.lproj/Main.storyboard; sourceTree = "<group>"; };
		C9BB41822301458900519490 /* Assets.xcassets */ = {isa = PBXFileReference; lastKnownFileType = folder.assetcatalog; path = Assets.xcassets; sourceTree = "<group>"; };
		C9BB41852301458900519490 /* Base */ = {isa = PBXFileReference; lastKnownFileType = file.storyboard; name = Base; path = Base.lproj/LaunchScreen.storyboard; sourceTree = "<group>"; };
		C9BB41872301458900519490 /* Info.plist */ = {isa = PBXFileReference; lastKnownFileType = text.plist.xml; path = Info.plist; sourceTree = "<group>"; };
		C9BB41882301458900519490 /* main.m */ = {isa = PBXFileReference; lastKnownFileType = sourcecode.c.objc; path = main.m; sourceTree = "<group>"; };
		C9BB418F2301459900519490 /* BinaryTreeNode.h */ = {isa = PBXFileReference; lastKnownFileType = sourcecode.c.h; path = BinaryTreeNode.h; sourceTree = "<group>"; };
		C9BB41902301459900519490 /* BinaryTreeNode.m */ = {isa = PBXFileReference; lastKnownFileType = sourcecode.c.objc; path = BinaryTreeNode.m; sourceTree = "<group>"; };
		C9BB41922301498500519490 /* TreeNodeProperty.h */ = {isa = PBXFileReference; fileEncoding = 4; lastKnownFileType = sourcecode.c.h; path = TreeNodeProperty.h; sourceTree = "<group>"; };
		C9BB41932301498500519490 /* TreeNodeProperty.m */ = {isa = PBXFileReference; fileEncoding = 4; lastKnownFileType = sourcecode.c.objc; path = TreeNodeProperty.m; sourceTree = "<group>"; };
/* End PBXFileReference section */

/* Begin PBXFrameworksBuildPhase section */
		C9BB41732301458700519490 /* Frameworks */ = {
			isa = PBXFrameworksBuildPhase;
			buildActionMask = 2147483647;
			files = (
			);
			runOnlyForDeploymentPostprocessing = 0;
		};
/* End PBXFrameworksBuildPhase section */

/* Begin PBXGroup section */
		C9BB416D2301458600519490 = {
			isa = PBXGroup;
			children = (
				C9BB41782301458700519490 /* testBinaryTreeNode */,
				C9BB41772301458700519490 /* Products */,
			);
			sourceTree = "<group>";
		};
		C9BB41772301458700519490 /* Products */ = {
			isa = PBXGroup;
			children = (
				C9BB41762301458700519490 /* testBinaryTreeNode.app */,
			);
			name = Products;
			sourceTree = "<group>";
		};
		C9BB41782301458700519490 /* testBinaryTreeNode */ = {
			isa = PBXGroup;
			children = (
				C9BB41792301458700519490 /* AppDelegate.h */,
				C9BB417A2301458700519490 /* AppDelegate.m */,
				C9BB417C2301458700519490 /* ViewController.h */,
				C9BB417D2301458700519490 /* ViewController.m */,
				C9BB417F2301458700519490 /* Main.storyboard */,
				C9BB41822301458900519490 /* Assets.xcassets */,
				C9BB41842301458900519490 /* LaunchScreen.storyboard */,
				C9BB41872301458900519490 /* Info.plist */,
				C9BB41882301458900519490 /* main.m */,
				C9BB41922301498500519490 /* TreeNodeProperty.h */,
				C9BB41932301498500519490 /* TreeNodeProperty.m */,
				C9BB418F2301459900519490 /* BinaryTreeNode.h */,
				C9BB41902301459900519490 /* BinaryTreeNode.m */,
			);
			path = testBinaryTreeNode;
			sourceTree = "<group>";
		};
/* End PBXGroup section */

/* Begin PBXNativeTarget section */
		C9BB41752301458700519490 /* testBinaryTreeNode */ = {
			isa = PBXNativeTarget;
			buildConfigurationList = C9BB418C2301458900519490 /* Build configuration list for PBXNativeTarget "testBinaryTreeNode" */;
			buildPhases = (
				C9BB41722301458700519490 /* Sources */,
				C9BB41732301458700519490 /* Frameworks */,
				C9BB41742301458700519490 /* Resources */,
			);
			buildRules = (
			);
			dependencies = (
			);
			name = testBinaryTreeNode;
			productName = testBinaryTreeNode;
			productReference = C9BB41762301458700519490 /* testBinaryTreeNode.app */;
			productType = "com.apple.product-type.application";
		};
/* End PBXNativeTarget section */

/* Begin PBXProject section */
		C9BB416E2301458600519490 /* Project object */ = {
			isa = PBXProject;
			attributes = {
				LastUpgradeCheck = 1010;
				ORGANIZATIONNAME = lv;
				TargetAttributes = {
					C9BB41752301458700519490 = {
						CreatedOnToolsVersion = 10.1;
					};
				};
			};
			buildConfigurationList = C9BB41712301458600519490 /* Build configuration list for PBXProject "testBinaryTreeNode" */;
			compatibilityVersion = "Xcode 9.3";
			developmentRegion = en;
			hasScannedForEncodings = 0;
			knownRegions = (
				en,
				Base,
			);
			mainGroup = C9BB416D2301458600519490;
			productRefGroup = C9BB41772301458700519490 /* Products */;
			projectDirPath = "";
			projectRoot = "";
			targets = (
				C9BB41752301458700519490 /* testBinaryTreeNode */,
			);
		};
/* End PBXProject section */

/* Begin PBXResourcesBuildPhase section */
		C9BB41742301458700519490 /* Resources */ = {
			isa = PBXResourcesBuildPhase;
			buildActionMask = 2147483647;
			files = (
				C9BB41862301458900519490 /* LaunchScreen.storyboard in Resources */,
				C9BB41832301458900519490 /* Assets.xcassets in Resources */,
				C9BB41812301458700519490 /* Main.storyboard in Resources */,
			);
			runOnlyForDeploymentPostprocessing = 0;
		};
/* End PBXResourcesBuildPhase section */

/* Begin PBXSourcesBuildPhase section */
		C9BB41722301458700519490 /* Sources */ = {
			isa = PBXSourcesBuildPhase;
			buildActionMask = 2147483647;
			files = (
				C9BB417E2301458700519490 /* ViewController.m in Sources */,
				C9BB41892301458900519490 /* main.m in Sources */,
				C9BB41912301459900519490 /* BinaryTreeNode.m in Sources */,
				C9BB417B2301458700519490 /* AppDelegate.m in Sources */,
				C9BB41942301498500519490 /* TreeNodeProperty.m in Sources */,
			);
			runOnlyForDeploymentPostprocessing = 0;
		};
/* End PBXSourcesBuildPhase section */

/* Begin PBXVariantGroup section */
		C9BB417F2301458700519490 /* Main.storyboard */ = {
			isa = PBXVariantGroup;
			children = (
				C9BB41802301458700519490 /* Base */,
			);
			name = Main.storyboard;
			sourceTree = "<group>";
		};
		C9BB41842301458900519490 /* LaunchScreen.storyboard */ = {
			isa = PBXVariantGroup;
			children = (
				C9BB41852301458900519490 /* Base */,
			);
			name = LaunchScreen.storyboard;
			sourceTree = "<group>";
		};
/* End PBXVariantGroup section */

/* Begin XCBuildConfiguration section */
		C9BB418A2301458900519490 /* Debug */ = {
			isa = XCBuildConfiguration;
			buildSettings = {
				ALWAYS_SEARCH_USER_PATHS = NO;
				CLANG_ANALYZER_NONNULL = YES;
				CLANG_ANALYZER_NUMBER_OBJECT_CONVERSION = YES_AGGRESSIVE;
				CLANG_CXX_LANGUAGE_STANDARD = "gnu++14";
				CLANG_CXX_LIBRARY = "libc++";
				CLANG_ENABLE_MODULES = YES;
				CLANG_ENABLE_OBJC_ARC = YES;
				CLANG_ENABLE_OBJC_WEAK = YES;
				CLANG_WARN_BLOCK_CAPTURE_AUTORELEASING = YES;
				CLANG_WARN_BOOL_CONVERSION = YES;
				CLANG_WARN_COMMA = YES;
				CLANG_WARN_CONSTANT_CONVERSION = YES;
				CLANG_WARN_DEPRECATED_OBJC_IMPLEMENTATIONS = YES;
				CLANG_WARN_DIRECT_OBJC_ISA_USAGE = YES_ERROR;
				CLANG_WARN_DOCUMENTATION_COMMENTS = YES;
				CLANG_WARN_EMPTY_BODY = YES;
				CLANG_WARN_ENUM_CONVERSION = YES;
				CLANG_WARN_INFINITE_RECURSION = YES;
				CLANG_WARN_INT_CONVERSION = YES;
				CLANG_WARN_NON_LITERAL_NULL_CONVERSION = YES;
				CLANG_WARN_OBJC_IMPLICIT_RETAIN_SELF = YES;
				CLANG_WARN_OBJC_LITERAL_CONVERSION = YES;
				CLANG_WARN_OBJC_ROOT_CLASS = YES_ERROR;
				CLANG_WARN_RANGE_LOOP_ANALYSIS = YES;
				CLANG_WARN_STRICT_PROTOTYPES = YES;
				CLANG_WARN_SUSPICIOUS_MOVE = YES;
				CLANG_WARN_UNGUARDED_AVAILABILITY = YES_AGGRESSIVE;
				CLANG_WARN_UNREACHABLE_CODE = YES;
				CLANG_WARN__DUPLICATE_METHOD_MATCH = YES;
				CODE_SIGN_IDENTITY = "iPhone Developer";
				COPY_PHASE_STRIP = NO;
				DEBUG_INFORMATION_FORMAT = dwarf;
				ENABLE_STRICT_OBJC_MSGSEND = YES;
				ENABLE_TESTABILITY = YES;
				GCC_C_LANGUAGE_STANDARD = gnu11;
				GCC_DYNAMIC_NO_PIC = NO;
				GCC_NO_COMMON_BLOCKS = YES;
				GCC_OPTIMIZATION_LEVEL = 0;
				GCC_PREPROCESSOR_DEFINITIONS = (
					"DEBUG=1",
					"$(inherited)",
				);
				GCC_WARN_64_TO_32_BIT_CONVERSION = YES;
				GCC_WARN_ABOUT_RETURN_TYPE = YES_ERROR;
				GCC_WARN_UNDECLARED_SELECTOR = YES;
				GCC_WARN_UNINITIALIZED_AUTOS = YES_AGGRESSIVE;
				GCC_WARN_UNUSED_FUNCTION = YES;
				GCC_WARN_UNUSED_VARIABLE = YES;
				IPHONEOS_DEPLOYMENT_TARGET = 12.1;
				MTL_ENABLE_DEBUG_INFO = INCLUDE_SOURCE;
				MTL_FAST_MATH = YES;
				ONLY_ACTIVE_ARCH = YES;
				SDKROOT = iphoneos;
			};
			name = Debug;
		};
		C9BB418B2301458900519490 /* Release */ = {
			isa = XCBuildConfiguration;
			buildSettings = {
				ALWAYS_SEARCH_USER_PATHS = NO;
				CLANG_ANALYZER_NONNULL = YES;
				CLANG_ANALYZER_NUMBER_OBJECT_CONVERSION = YES_AGGRESSIVE;
				CLANG_CXX_LANGUAGE_STANDARD = "gnu++14";
				CLANG_CXX_LIBRARY = "libc++";
				CLANG_ENABLE_MODULES = YES;
				CLANG_ENABLE_OBJC_ARC = YES;
				CLANG_ENABLE_OBJC_WEAK = YES;
				CLANG_WARN_BLOCK_CAPTURE_AUTORELEASING = YES;
				CLANG_WARN_BOOL_CONVERSION = YES;
				CLANG_WARN_COMMA = YES;
				CLANG_WARN_CONSTANT_CONVERSION = YES;
				CLANG_WARN_DEPRECATED_OBJC_IMPLEMENTATIONS = YES;
				CLANG_WARN_DIRECT_OBJC_ISA_USAGE = YES_ERROR;
				CLANG_WARN_DOCUMENTATION_COMMENTS = YES;
				CLANG_WARN_EMPTY_BODY = YES;
				CLANG_WARN_ENUM_CONVERSION = YES;
				CLANG_WARN_INFINITE_RECURSION = YES;
				CLANG_WARN_INT_CONVERSION = YES;
				CLANG_WARN_NON_LITERAL_NULL_CONVERSION = YES;
				CLANG_WARN_OBJC_IMPLICIT_RETAIN_SELF = YES;
				CLANG_WARN_OBJC_LITERAL_CONVERSION = YES;
				CLANG_WARN_OBJC_ROOT_CLASS = YES_ERROR;
				CLANG_WARN_RANGE_LOOP_ANALYSIS = YES;
				CLANG_WARN_STRICT_PROTOTYPES = YES;
				CLANG_WARN_SUSPICIOUS_MOVE = YES;
				CLANG_WARN_UNGUARDED_AVAILABILITY = YES_AGGRESSIVE;
				CLANG_WARN_UNREACHABLE_CODE = YES;
				CLANG_WARN__DUPLICATE_METHOD_MATCH = YES;
				CODE_SIGN_IDENTITY = "iPhone Developer";
				COPY_PHASE_STRIP = NO;
				DEBUG_INFORMATION_FORMAT = "dwarf-with-dsym";
				ENABLE_NS_ASSERTIONS = NO;
				ENABLE_STRICT_OBJC_MSGSEND = YES;
				GCC_C_LANGUAGE_STANDARD = gnu11;
				GCC_NO_COMMON_BLOCKS = YES;
				GCC_WARN_64_TO_32_BIT_CONVERSION = YES;
				GCC_WARN_ABOUT_RETURN_TYPE = YES_ERROR;
				GCC_WARN_UNDECLARED_SELECTOR = YES;
				GCC_WARN_UNINITIALIZED_AUTOS = YES_AGGRESSIVE;
				GCC_WARN_UNUSED_FUNCTION = YES;
				GCC_WARN_UNUSED_VARIABLE = YES;
				IPHONEOS_DEPLOYMENT_TARGET = 12.1;
				MTL_ENABLE_DEBUG_INFO = NO;
				MTL_FAST_MATH = YES;
				SDKROOT = iphoneos;
				VALIDATE_PRODUCT = YES;
			};
			name = Release;
		};
		C9BB418D2301458900519490 /* Debug */ = {
			isa = XCBuildConfiguration;
			buildSettings = {
				ASSETCATALOG_COMPILER_APPICON_NAME = AppIcon;
				CODE_SIGN_STYLE = Automatic;
				DEVELOPMENT_TEAM = S455G7NCUG;
				INFOPLIST_FILE = testBinaryTreeNode/Info.plist;
				LD_RUNPATH_SEARCH_PATHS = (
					"$(inherited)",
					"@executable_path/Frameworks",
				);
				PRODUCT_BUNDLE_IDENTIFIER = com.ljr.testBinaryTreeNode;
				PRODUCT_NAME = "$(TARGET_NAME)";
				TARGETED_DEVICE_FAMILY = "1,2";
			};
			name = Debug;
		};
		C9BB418E2301458900519490 /* Release */ = {
			isa = XCBuildConfiguration;
			buildSettings = {
				ASSETCATALOG_COMPILER_APPICON_NAME = AppIcon;
				CODE_SIGN_STYLE = Automatic;
				DEVELOPMENT_TEAM = S455G7NCUG;
				INFOPLIST_FILE = testBinaryTreeNode/Info.plist;
				LD_RUNPATH_SEARCH_PATHS = (
					"$(inherited)",
					"@executable_path/Frameworks",
				);
				PRODUCT_BUNDLE_IDENTIFIER = com.ljr.testBinaryTreeNode;
				PRODUCT_NAME = "$(TARGET_NAME)";
				TARGETED_DEVICE_FAMILY = "1,2";
			};
			name = Release;
		};
/* End XCBuildConfiguration section */

/* Begin XCConfigurationList section */
		C9BB41712301458600519490 /* Build configuration list for PBXProject "testBinaryTreeNode" */ = {
			isa = XCConfigurationList;
			buildConfigurations = (
				C9BB418A2301458900519490 /* Debug */,
				C9BB418B2301458900519490 /* Release */,
			);
			defaultConfigurationIsVisible = 0;
			defaultConfigurationName = Release;
		};
		C9BB418C2301458900519490 /* Build configuration list for PBXNativeTarget "testBinaryTreeNode" */ = {
			isa = XCConfigurationList;
			buildConfigurations = (
				C9BB418D2301458900519490 /* Debug */,
				C9BB418E2301458900519490 /* Release */,
			);
			defaultConfigurationIsVisible = 0;
			defaultConfigurationName = Release;
		};
/* End XCConfigurationList section */
	};
	rootObject = C9BB416E2301458600519490 /* Project object */;
}
